
Microsoft Visual Studio Solution File, Format Version 12.00
# Visual Studio Version 17
VisualStudioVersion = 17.3.32929.385
MinimumVisualStudioVersion = 10.0.40219.1
Project("{2150E333-8FDC-42A3-9474-1A3956D46DE8}") = "FrontEnd", "FrontEnd", "{A69F8E5C-6498-4605-A6D2-13B22CE1C358}"
EndProject
Project("{9A19103F-16F7-4668-BE54-9A1E7A4F7556}") = "Mango.web", "Mango.web\Mango.web.csproj", "{24196382-96F8-4C58-A09D-0E52D57C7869}"
EndProject
Project("{2150E333-8FDC-42A3-9474-1A3956D46DE8}") = "Services", "Services", "{966FF79D-BB12-4987-8A0A-5E9096CC9AB3}"
EndProject
Project("{9A19103F-16F7-4668-BE54-9A1E7A4F7556}") = "Mango.Service.ProductAPI", "Mango.Service.ProductAPI\Mango.Service.ProductAPI.csproj", "{343E0941-7C81-41B3-8082-72D9940187B2}"
EndProject
Global
	GlobalSection(SolutionConfigurationPlatforms) = preSolution
		Debug|Any CPU = Debug|Any CPU
		Release|Any CPU = Release|Any CPU
	EndGlobalSection
	GlobalSection(ProjectConfigurationPlatforms) = postSolution
		{24196382-96F8-4C58-A09D-0E52D57C7869}.Debug|Any CPU.ActiveCfg = Debug|Any CPU
		{24196382-96F8-4C58-A09D-0E52D57C7869}.Debug|Any CPU.Build.0 = Debug|Any CPU
		{24196382-96F8-4C58-A09D-0E52D57C7869}.Release|Any CPU.ActiveCfg = Release|Any CPU
		{24196382-96F8-4C58-A09D-0E52D57C7869}.Release|Any CPU.Build.0 = Release|Any CPU
		{343E0941-7C81-41B3-8082-72D9940187B2}.Debug|Any CPU.ActiveCfg = Debug|Any CPU
		{343E0941-7C81-41B3-8082-72D9940187B2}.Debug|Any CPU.Build.0 = Debug|Any CPU
		{343E0941-7C81-41B3-8082-72D9940187B2}.Release|Any CPU.ActiveCfg = Release|Any CPU
		{343E0941-7C81-41B3-8082-72D9940187B2}.Release|Any CPU.Build.0 = Release|Any CPU
	EndGlobalSection
	GlobalSection(SolutionProperties) = preSolution
		HideSolutionNode = FALSE
	EndGlobalSection
	GlobalSection(NestedProjects) = preSolution
		{24196382-96F8-4C58-A09D-0E52D57C7869} = {A69F8E5C-6498-4605-A6D2-13B22CE1C358}
		{343E0941-7C81-41B3-8082-72D9940187B2} = {966FF79D-BB12-4987-8A0A-5E9096CC9AB3}
	EndGlobalSection
	GlobalSection(ExtensibilityGlobals) = postSolution
		SolutionGuid = {7AACCFFE-DF70-41D6-BD78-B5C4208018EA}
	EndGlobalSection
EndGlobal
